
Microsoft Visual Studio Solution File, Format Version 12.00
# Visual Studio Version 17
VisualStudioVersion = 17.0.31903.59
MinimumVisualStudioVersion = 10.0.40219.1
Project("{2150E333-8FDC-42A3-9474-1A3956D46DE8}") = "src", "src", "{827E0CD3-B72D-47B6-A68D-7590B98EB39B}"
EndProject
Project("{FAE04EC0-301F-11D3-BF4B-00C04F79EFBC}") = "MyWay.Web", "src\MyWay.Web\MyWay.Web.csproj", "{004C4470-1730-4468-AB21-F8CC1D30C616}"
EndProject
Project("{FAE04EC0-301F-11D3-BF4B-00C04F79EFBC}") = "MyWay.Api", "src\MyWay.Api\MyWay.Api.csproj", "{C6200EC4-026F-4045-81E2-9E9721138919}"
EndProject
Project("{FAE04EC0-301F-11D3-BF4B-00C04F79EFBC}") = "MyWay.Core", "src\MyWay.Core\MyWay.Core.csproj", "{10389D1D-5C82-40CB-89FA-0A57E5061A92}"
EndProject
Project("{FAE04EC0-301F-11D3-BF4B-00C04F79EFBC}") = "MyWay.Application", "src\MyWay.Application\MyWay.Application.csproj", "{A79A53EF-324E-41A6-882D-E5D9F96F646B}"
EndProject
Project("{FAE04EC0-301F-11D3-BF4B-00C04F79EFBC}") = "MyWay.Infrastructure", "src\MyWay.Infrastructure\MyWay.Infrastructure.csproj", "{AA29D6D1-67AE-4466-B608-D79CD1B2475B}"
EndProject
Project("{FAE04EC0-301F-11D3-BF4B-00C04F79EFBC}") = "MyWay.EF", "src\MyWay.EF\MyWay.EF.csproj", "{999491CF-A047-40AD-AC00-B524FC329A55}"
EndProject
Project("{FAE04EC0-301F-11D3-BF4B-00C04F79EFBC}") = "MyWay.UnitTests", "tests\MyWay.UnitTests\MyWay.UnitTests.csproj", "{393E69DA-1AC7-4275-91BF-EB3CFDB33DF0}"
EndProject
Project("{FAE04EC0-301F-11D3-BF4B-00C04F79EFBC}") = "MyWay.IntegrationTests", "tests\MyWay.IntegrationTests\MyWay.IntegrationTests.csproj", "{6719A48A-3F1A-409E-9BDD-C48B05F92B86}"
EndProject
Global
	GlobalSection(SolutionConfigurationPlatforms) = preSolution
		Debug|Any CPU = Debug|Any CPU
		Debug|x64 = Debug|x64
		Debug|x86 = Debug|x86
		Release|Any CPU = Release|Any CPU
		Release|x64 = Release|x64
		Release|x86 = Release|x86
	EndGlobalSection
	GlobalSection(ProjectConfigurationPlatforms) = postSolution
		{004C4470-1730-4468-AB21-F8CC1D30C616}.Debug|Any CPU.ActiveCfg = Debug|Any CPU
		{004C4470-1730-4468-AB21-F8CC1D30C616}.Debug|Any CPU.Build.0 = Debug|Any CPU
		{004C4470-1730-4468-AB21-F8CC1D30C616}.Debug|x64.ActiveCfg = Debug|Any CPU
		{004C4470-1730-4468-AB21-F8CC1D30C616}.Debug|x64.Build.0 = Debug|Any CPU
		{004C4470-1730-4468-AB21-F8CC1D30C616}.Debug|x86.ActiveCfg = Debug|Any CPU
		{004C4470-1730-4468-AB21-F8CC1D30C616}.Debug|x86.Build.0 = Debug|Any CPU
		{004C4470-1730-4468-AB21-F8CC1D30C616}.Release|Any CPU.ActiveCfg = Release|Any CPU
		{004C4470-1730-4468-AB21-F8CC1D30C616}.Release|Any CPU.Build.0 = Release|Any CPU
		{004C4470-1730-4468-AB21-F8CC1D30C616}.Release|x64.ActiveCfg = Release|Any CPU
		{004C4470-1730-4468-AB21-F8CC1D30C616}.Release|x64.Build.0 = Release|Any CPU
		{004C4470-1730-4468-AB21-F8CC1D30C616}.Release|x86.ActiveCfg = Release|Any CPU
		{004C4470-1730-4468-AB21-F8CC1D30C616}.Release|x86.Build.0 = Release|Any CPU
		{C6200EC4-026F-4045-81E2-9E9721138919}.Debug|Any CPU.ActiveCfg = Debug|Any CPU
		{C6200EC4-026F-4045-81E2-9E9721138919}.Debug|Any CPU.Build.0 = Debug|Any CPU
		{C6200EC4-026F-4045-81E2-9E9721138919}.Debug|x64.ActiveCfg = Debug|Any CPU
		{C6200EC4-026F-4045-81E2-9E9721138919}.Debug|x64.Build.0 = Debug|Any CPU
		{C6200EC4-026F-4045-81E2-9E9721138919}.Debug|x86.ActiveCfg = Debug|Any CPU
		{C6200EC4-026F-4045-81E2-9E9721138919}.Debug|x86.Build.0 = Debug|Any CPU
		{C6200EC4-026F-4045-81E2-9E9721138919}.Release|Any CPU.ActiveCfg = Release|Any CPU
		{C6200EC4-026F-4045-81E2-9E9721138919}.Release|Any CPU.Build.0 = Release|Any CPU
		{C6200EC4-026F-4045-81E2-9E9721138919}.Release|x64.ActiveCfg = Release|Any CPU
		{C6200EC4-026F-4045-81E2-9E9721138919}.Release|x64.Build.0 = Release|Any CPU
		{C6200EC4-026F-4045-81E2-9E9721138919}.Release|x86.ActiveCfg = Release|Any CPU
		{C6200EC4-026F-4045-81E2-9E9721138919}.Release|x86.Build.0 = Release|Any CPU
		{10389D1D-5C82-40CB-89FA-0A57E5061A92}.Debug|Any CPU.ActiveCfg = Debug|Any CPU
		{10389D1D-5C82-40CB-89FA-0A57E5061A92}.Debug|Any CPU.Build.0 = Debug|Any CPU
		{10389D1D-5C82-40CB-89FA-0A57E5061A92}.Debug|x64.ActiveCfg = Debug|Any CPU
		{10389D1D-5C82-40CB-89FA-0A57E5061A92}.Debug|x64.Build.0 = Debug|Any CPU
		{10389D1D-5C82-40CB-89FA-0A57E5061A92}.Debug|x86.ActiveCfg = Debug|Any CPU
		{10389D1D-5C82-40CB-89FA-0A57E5061A92}.Debug|x86.Build.0 = Debug|Any CPU
		{10389D1D-5C82-40CB-89FA-0A57E5061A92}.Release|Any CPU.ActiveCfg = Release|Any CPU
		{10389D1D-5C82-40CB-89FA-0A57E5061A92}.Release|Any CPU.Build.0 = Release|Any CPU
		{10389D1D-5C82-40CB-89FA-0A57E5061A92}.Release|x64.ActiveCfg = Release|Any CPU
		{10389D1D-5C82-40CB-89FA-0A57E5061A92}.Release|x64.Build.0 = Release|Any CPU
		{10389D1D-5C82-40CB-89FA-0A57E5061A92}.Release|x86.ActiveCfg = Release|Any CPU
		{10389D1D-5C82-40CB-89FA-0A57E5061A92}.Release|x86.Build.0 = Release|Any CPU
		{A79A53EF-324E-41A6-882D-E5D9F96F646B}.Debug|Any CPU.ActiveCfg = Debug|Any CPU
		{A79A53EF-324E-41A6-882D-E5D9F96F646B}.Debug|Any CPU.Build.0 = Debug|Any CPU
		{A79A53EF-324E-41A6-882D-E5D9F96F646B}.Debug|x64.ActiveCfg = Debug|Any CPU
		{A79A53EF-324E-41A6-882D-E5D9F96F646B}.Debug|x64.Build.0 = Debug|Any CPU
		{A79A53EF-324E-41A6-882D-E5D9F96F646B}.Debug|x86.ActiveCfg = Debug|Any CPU
		{A79A53EF-324E-41A6-882D-E5D9F96F646B}.Debug|x86.Build.0 = Debug|Any CPU
		{A79A53EF-324E-41A6-882D-E5D9F96F646B}.Release|Any CPU.ActiveCfg = Release|Any CPU
		{A79A53EF-324E-41A6-882D-E5D9F96F646B}.Release|Any CPU.Build.0 = Release|Any CPU
		{A79A53EF-324E-41A6-882D-E5D9F96F646B}.Release|x64.ActiveCfg = Release|Any CPU
		{A79A53EF-324E-41A6-882D-E5D9F96F646B}.Release|x64.Build.0 = Release|Any CPU
		{A79A53EF-324E-41A6-882D-E5D9F96F646B}.Release|x86.ActiveCfg = Release|Any CPU
		{A79A53EF-324E-41A6-882D-E5D9F96F646B}.Release|x86.Build.0 = Release|Any CPU
		{AA29D6D1-67AE-4466-B608-D79CD1B2475B}.Debug|Any CPU.ActiveCfg = Debug|Any CPU
		{AA29D6D1-67AE-4466-B608-D79CD1B2475B}.Debug|Any CPU.Build.0 = Debug|Any CPU
		{AA29D6D1-67AE-4466-B608-D79CD1B2475B}.Debug|x64.ActiveCfg = Debug|Any CPU
		{AA29D6D1-67AE-4466-B608-D79CD1B2475B}.Debug|x64.Build.0 = Debug|Any CPU
		{AA29D6D1-67AE-4466-B608-D79CD1B2475B}.Debug|x86.ActiveCfg = Debug|Any CPU
		{AA29D6D1-67AE-4466-B608-D79CD1B2475B}.Debug|x86.Build.0 = Debug|Any CPU
		{AA29D6D1-67AE-4466-B608-D79CD1B2475B}.Release|Any CPU.ActiveCfg = Release|Any CPU
		{AA29D6D1-67AE-4466-B608-D79CD1B2475B}.Release|Any CPU.Build.0 = Release|Any CPU
		{AA29D6D1-67AE-4466-B608-D79CD1B2475B}.Release|x64.ActiveCfg = Release|Any CPU
		{AA29D6D1-67AE-4466-B608-D79CD1B2475B}.Release|x64.Build.0 = Release|Any CPU
		{AA29D6D1-67AE-4466-B608-D79CD1B2475B}.Release|x86.ActiveCfg = Release|Any CPU
		{AA29D6D1-67AE-4466-B608-D79CD1B2475B}.Release|x86.Build.0 = Release|Any CPU
		{999491CF-A047-40AD-AC00-B524FC329A55}.Debug|Any CPU.ActiveCfg = Debug|Any CPU
		{999491CF-A047-40AD-AC00-B524FC329A55}.Debug|Any CPU.Build.0 = Debug|Any CPU
		{999491CF-A047-40AD-AC00-B524FC329A55}.Debug|x64.ActiveCfg = Debug|Any CPU
		{999491CF-A047-40AD-AC00-B524FC329A55}.Debug|x64.Build.0 = Debug|Any CPU
		{999491CF-A047-40AD-AC00-B524FC329A55}.Debug|x86.ActiveCfg = Debug|Any CPU
		{999491CF-A047-40AD-AC00-B524FC329A55}.Debug|x86.Build.0 = Debug|Any CPU
		{999491CF-A047-40AD-AC00-B524FC329A55}.Release|Any CPU.ActiveCfg = Release|Any CPU
		{999491CF-A047-40AD-AC00-B524FC329A55}.Release|Any CPU.Build.0 = Release|Any CPU
		{999491CF-A047-40AD-AC00-B524FC329A55}.Release|x64.ActiveCfg = Release|Any CPU
		{999491CF-A047-40AD-AC00-B524FC329A55}.Release|x64.Build.0 = Release|Any CPU
		{999491CF-A047-40AD-AC00-B524FC329A55}.Release|x86.ActiveCfg = Release|Any CPU
		{999491CF-A047-40AD-AC00-B524FC329A55}.Release|x86.Build.0 = Release|Any CPU
		{393E69DA-1AC7-4275-91BF-EB3CFDB33DF0}.Debug|Any CPU.ActiveCfg = Debug|Any CPU
		{393E69DA-1AC7-4275-91BF-EB3CFDB33DF0}.Debug|Any CPU.Build.0 = Debug|Any CPU
		{393E69DA-1AC7-4275-91BF-EB3CFDB33DF0}.Debug|x64.ActiveCfg = Debug|Any CPU
		{393E69DA-1AC7-4275-91BF-EB3CFDB33DF0}.Debug|x64.Build.0 = Debug|Any CPU
		{393E69DA-1AC7-4275-91BF-EB3CFDB33DF0}.Debug|x86.ActiveCfg = Debug|Any CPU
		{393E69DA-1AC7-4275-91BF-EB3CFDB33DF0}.Debug|x86.Build.0 = Debug|Any CPU
		{393E69DA-1AC7-4275-91BF-EB3CFDB33DF0}.Release|Any CPU.ActiveCfg = Release|Any CPU
		{393E69DA-1AC7-4275-91BF-EB3CFDB33DF0}.Release|Any CPU.Build.0 = Release|Any CPU
		{393E69DA-1AC7-4275-91BF-EB3CFDB33DF0}.Release|x64.ActiveCfg = Release|Any CPU
		{393E69DA-1AC7-4275-91BF-EB3CFDB33DF0}.Release|x64.Build.0 = Release|Any CPU
		{393E69DA-1AC7-4275-91BF-EB3CFDB33DF0}.Release|x86.ActiveCfg = Release|Any CPU
		{393E69DA-1AC7-4275-91BF-EB3CFDB33DF0}.Release|x86.Build.0 = Release|Any CPU
		{6719A48A-3F1A-409E-9BDD-C48B05F92B86}.Debug|Any CPU.ActiveCfg = Debug|Any CPU
		{6719A48A-3F1A-409E-9BDD-C48B05F92B86}.Debug|Any CPU.Build.0 = Debug|Any CPU
		{6719A48A-3F1A-409E-9BDD-C48B05F92B86}.Debug|x64.ActiveCfg = Debug|Any CPU
		{6719A48A-3F1A-409E-9BDD-C48B05F92B86}.Debug|x64.Build.0 = Debug|Any CPU
		{6719A48A-3F1A-409E-9BDD-C48B05F92B86}.Debug|x86.ActiveCfg = Debug|Any CPU
		{6719A48A-3F1A-409E-9BDD-C48B05F92B86}.Debug|x86.Build.0 = Debug|Any CPU
		{6719A48A-3F1A-409E-9BDD-C48B05F92B86}.Release|Any CPU.ActiveCfg = Release|Any CPU
		{6719A48A-3F1A-409E-9BDD-C48B05F92B86}.Release|Any CPU.Build.0 = Release|Any CPU
		{6719A48A-3F1A-409E-9BDD-C48B05F92B86}.Release|x64.ActiveCfg = Release|Any CPU
		{6719A48A-3F1A-409E-9BDD-C48B05F92B86}.Release|x64.Build.0 = Release|Any CPU
		{6719A48A-3F1A-409E-9BDD-C48B05F92B86}.Release|x86.ActiveCfg = Release|Any CPU
		{6719A48A-3F1A-409E-9BDD-C48B05F92B86}.Release|x86.Build.0 = Release|Any CPU
	EndGlobalSection
	GlobalSection(SolutionProperties) = preSolution
		HideSolutionNode = FALSE
	EndGlobalSection
	GlobalSection(NestedProjects) = preSolution
		{004C4470-1730-4468-AB21-F8CC1D30C616} = {827E0CD3-B72D-47B6-A68D-7590B98EB39B}
		{C6200EC4-026F-4045-81E2-9E9721138919} = {827E0CD3-B72D-47B6-A68D-7590B98EB39B}
		{10389D1D-5C82-40CB-89FA-0A57E5061A92} = {827E0CD3-B72D-47B6-A68D-7590B98EB39B}
		{A79A53EF-324E-41A6-882D-E5D9F96F646B} = {827E0CD3-B72D-47B6-A68D-7590B98EB39B}
		{AA29D6D1-67AE-4466-B608-D79CD1B2475B} = {827E0CD3-B72D-47B6-A68D-7590B98EB39B}
		{999491CF-A047-40AD-AC00-B524FC329A55} = {827E0CD3-B72D-47B6-A68D-7590B98EB39B}
		{393E69DA-1AC7-4275-91BF-EB3CFDB33DF0} = {827E0CD3-B72D-47B6-A68D-7590B98EB39B}
		{6719A48A-3F1A-409E-9BDD-C48B05F92B86} = {827E0CD3-B72D-47B6-A68D-7590B98EB39B}
	EndGlobalSection
EndGlobal
